
Microsoft Visual Studio Solution File, Format Version 12.00
# Visual Studio 15
Project("{FAE04EC0-301F-11D3-BF4B-00C04F79EFBC}") = "DataStructure", "DataStructure\DataStructure.csproj", "{96501D91-1A74-4559-B187-54BCE8159949}"
EndProject
Global
	GlobalSection(SolutionConfigurationPlatforms) = preSolution
		Debug|anycpu = Debug|anycpu
		Release|anycpu = Release|anycpu
	EndGlobalSection
	GlobalSection(ProjectConfigurationPlatforms) = postSolution
		{96501D91-1A74-4559-B187-54BCE8159949}.Debug|anycpu.ActiveCfg = Debug|anycpu
		{96501D91-1A74-4559-B187-54BCE8159949}.Debug|anycpu.Build.0 = Debug|anycpu
		{96501D91-1A74-4559-B187-54BCE8159949}.Release|anycpu.ActiveCfg = Release|anycpu
		{96501D91-1A74-4559-B187-54BCE8159949}.Release|anycpu.Build.0 = Release|anycpu
	EndGlobalSection
EndGlobal
